{
  "version": "5",
  "specifiers": {
    "npm:@electric-sql/pglite@~0.5.8": "0.5.8",
    "npm:@supabase/supabase-js@2": "2.117.2",
    "npm:@supabase/supabase-js@2.117.2": "2.117.2",
    "npm:deno@^2.9.6": "2.9.6",
    "npm:playwright@^1.63.0": "1.63.0"
  },
  "npm": {
    "@deno/darwin-arm64@2.9.6": {
      "integrity": "sha512-V8uO1Aolrl/yvdMb5lOtgtigs8YuZBjrOrgviVMiYkQ0swymFfzkae1wZak4Xi24t7vf7d/eiMb/7ryjjVm+tg==",
      "os": ["darwin"],
      "cpu": ["arm64"]
    },
    "@deno/darwin-x64@2.9.6": {
      "integrity": "sha512-tPi3CWPRdjW1MaWlvWjORE7Ass5SADdWdj1BF1Q1PEdzi+5u/mC5YhmZzniMiPr81PpaFeqjXaLAsfb8lFsZ0Q==",
      "os": ["darwin"],
      "cpu": ["x64"]
    },
    "@deno/linux-arm64-glibc@2.9.6": {
      "integrity": "sha512-poqhoH9B3nYloigEMPT5t8HY+wBeiuea1An5Q7fqgJzP0SYmWsoS/oUnWO/pEiA4ofzIBy1Elt/in58xKtxEoQ==",
      "os": ["linux"],
      "cpu": ["arm64"]
    },
    "@deno/linux-x64-glibc@2.9.6": {
      "integrity": "sha512-3md4TKLCuzsLDmfOoC5KN7NAZaxSVkMgm64vg6foD00JBADCpYS2/5QqXfzgnP5ZQz3iLP9vBQJtEgc116OAoQ==",
      "os": ["linux"],
      "cpu": ["x64"]
    },
    "@deno/win32-arm64@2.9.6": {
      "integrity": "sha512-iHSHs89g2Uy6k0bGHmXkgzTIW8WXImYPpvqRRO/zNsK1/N79PcjvAth1TuQatuIALcLdocstPs/PAYtndbfr0A==",
      "os": ["win32"],
      "cpu": ["arm64"]
    },
    "@deno/win32-x64@2.9.6": {
      "integrity": "sha512-qRGnmVz/Ea6UWPht/S3xFRK17UZ/ls38DSVfgGB17fpASLxPkksqzWUI/BzL9YYoOknYzfc94mySGyInZu/JXw==",
      "os": ["win32"],
      "cpu": ["x64"]
    },
    "@electric-sql/pglite@0.5.8": {
      "integrity": "sha512-n9tsbUOhwx2epK1V0ZG9Ar4SHWUju04dhmzZXiSBXwBoleOvIfals33NAaWgagQVAL4Rbvx/Ptsu3P+pA09f6Q=="
    },
    "@supabase/auth-js@2.117.2": {
      "integrity": "sha512-Z3WnGwrphYZubrLbxp5Iv0tLA9A5GhvKzJ/ZXglxqwd2QEH2R4dXRltjVJ8sIn4xEW2BSFIGT0yALVJIgZeDYw==",
      "dependencies": [
        "tslib"
      ]
    },
    "@supabase/functions-js@2.117.2": {
      "integrity": "sha512-6DT4ZIjmZxa9ANKaBIrjc86AyKrX8M376ynvNeOBBVad3eP7x3UHqWfDR2ynFkHGzCuOpr1A+kObmnahxuwuog==",
      "dependencies": [
        "tslib"
      ]
    },
    "@supabase/phoenix@0.4.5": {
      "integrity": "sha512-aAn9H9ovVyeApKy11OWOrrOGq8DV68yWeH4ud2lN9fzn4aO8Zb5GLL9m1pUg9nLqIcT+ZDfAcsZe0E/nqdv2lw=="
    },
    "@supabase/postgrest-js@2.117.2": {
      "integrity": "sha512-V1Qhn+M8xzJqCasOxHZ2KG19Fj39PxU7weEAmOK65/KTsWCRXboB4hcQwFvxRvM7ZikeP9IZWNvQkfjvSxzYFw==",
      "dependencies": [
        "tslib"
      ]
    },
    "@supabase/realtime-js@2.117.2": {
      "integrity": "sha512-lYXSAIg3eAKA58riUED6Vb+TCzF8jtx18uOoiCaVJ7ZMre6FWBpwB1MPeW+B6vykJT/hPdiuqwcSB7ILMS21ew==",
      "dependencies": [
        "@supabase/phoenix",
        "tslib"
      ]
    },
    "@supabase/storage-js@2.117.2": {
      "integrity": "sha512-8gAJoVaxZa/War2kFRfJMxGk4M190Q7lJ70BofwGlRxU/u9pIodd6XyTvmXkxOKXWuIYtkDaYPZrIAUt1T/7FQ==",
      "dependencies": [
        "iceberg-js",
        "tslib"
      ]
    },
    "@supabase/supabase-js@2.117.2": {
      "integrity": "sha512-eSG2VKnHR+Clp1PmidZ1/weJ8PJwoybjva3L2GgKqFG4YDS1Iqmc61psKGZP5xw6OMT2O7ZorPR42PY6q1BOXg==",
      "dependencies": [
        "@supabase/auth-js",
        "@supabase/functions-js",
        "@supabase/postgrest-js",
        "@supabase/realtime-js",
        "@supabase/storage-js"
      ]
    },
    "deno@2.9.6": {
      "integrity": "sha512-cr16GxYiUeH1juNvFTMOxt99V5QRVmANfy5UsZvE5hjC6P/o4Op/MBbRhLeBOL8WJpV6tr9hb+Kjb1MW0nEoVg==",
      "optionalDependencies": [
        "@deno/darwin-arm64",
        "@deno/darwin-x64",
        "@deno/linux-arm64-glibc",
        "@deno/linux-x64-glibc",
        "@deno/win32-arm64",
        "@deno/win32-x64"
      ],
      "scripts": true,
      "bin": true
    },
    "iceberg-js@0.8.1": {
      "integrity": "sha512-1dhVQZXhcHje7798IVM+xoo/1ZdVfzOMIc8/rgVSijRK38EDqOJoGula9N/8ZI5RD8QTxNQtK/Gozpr+qUqRRA=="
    },
    "playwright-core@1.63.0": {
      "integrity": "sha512-rYCsBF/M5HjUch52bbtVONEFjv6Xu8sm8h72dNlR5bzIE1fvC/bxgspzkjSfU+MweEMmPM8KJebG6nnyxo5mCg==",
      "bin": true
    },
    "playwright@1.63.0": {
      "integrity": "sha512-+7ziBLidS4NaNCdt57SUDT+wYmmd5fmiQejUic/kb+YsYSCPyOOE9sebzMjNmQrsnNpDJqd4WHvV/8lfKfUDUg==",
      "dependencies": [
        "playwright-core"
      ],
      "bin": true
    },
    "tslib@2.8.1": {
      "integrity": "sha512-oJFu94HQb+KVduSUQL7wnpmqnfmLsOA/nAh6b6EH0wCEoK0/mPeXU6c3wKDV83MkOuHPRHtSXKKU99IBazS/2w=="
    }
  },
  "workspace": {
    "packageJson": {
      "dependencies": [
        "npm:@electric-sql/pglite@~0.5.8",
        "npm:deno@^2.9.6",
        "npm:playwright@^1.63.0"
      ]
    }
  }
}
